
Microsoft Visual Studio Solution File, Format Version 12.00
# Visual Studio Version 18
VisualStudioVersion = 18.4.11626.88
MinimumVisualStudioVersion = 10.0.40219.1
Project("{FAE04EC0-301F-11D3-BF4B-00C04F79EFBC}") = "Ams.Domain", "src\Ams.Domain\Ams.Domain.csproj", "{11111111-1111-1111-1111-111111111111}"
EndProject
Project("{FAE04EC0-301F-11D3-BF4B-00C04F79EFBC}") = "Ams.Application", "src\Ams.Application\Ams.Application.csproj", "{22222222-2222-2222-2222-222222222222}"
EndProject
Project("{FAE04EC0-301F-11D3-BF4B-00C04F79EFBC}") = "Ams.Infrastructure", "src\Ams.Infrastructure\Ams.Infrastructure.csproj", "{33333333-3333-3333-3333-333333333333}"
EndProject
Project("{FAE04EC0-301F-11D3-BF4B-00C04F79EFBC}") = "Ams.Api", "src\Ams.Api\Ams.Api.csproj", "{44444444-4444-4444-4444-444444444444}"
EndProject
Project("{FAE04EC0-301F-11D3-BF4B-00C04F79EFBC}") = "Ams.Web", "src\Ams.Web\Ams.Web.csproj", "{55555555-5555-5555-5555-555555555555}"
EndProject
Project("{2150E333-8FDC-42A3-9474-1A3956D46DE8}") = "tests", "tests", "{0AB3BF05-4346-4AA6-1389-037BE0695223}"
EndProject
Project("{FAE04EC0-301F-11D3-BF4B-00C04F79EFBC}") = "Ams.Application.Tests", "tests\Ams.Application.Tests\Ams.Application.Tests.csproj", "{5741802E-C055-413F-A200-8A3F399C7464}"
EndProject
Project("{FAE04EC0-301F-11D3-BF4B-00C04F79EFBC}") = "Ams.Worker", "Ams.Worker\Ams.Worker.csproj", "{C0A1FE2A-BD04-4C4B-9E0F-CEF32FE1A972}"
EndProject
Project("{FAE04EC0-301F-11D3-BF4B-00C04F79EFBC}") = "Ams.Api.Tests", "tests\Ams.Api.Tests\Ams.Api.Tests.csproj", "{E64577C0-3D7C-4848-8978-3B86A980EA1A}"
EndProject
Project("{2150E333-8FDC-42A3-9474-1A3956D46DE8}") = "src", "src", "{827E0CD3-B72D-47B6-A68D-7590B98EB39B}"
EndProject
Project("{2150E333-8FDC-42A3-9474-1A3956D46DE8}") = "Modules", "Modules", "{EC447DCF-ABFA-6E24-52A5-D7FD48A5C558}"
EndProject
Project("{2150E333-8FDC-42A3-9474-1A3956D46DE8}") = "Knowledge", "Knowledge", "{6D397FDE-A48A-1422-DC4D-618348DCDC20}"
EndProject
Project("{FAE04EC0-301F-11D3-BF4B-00C04F79EFBC}") = "Ams.Knowledge.Contracts", "src\Modules\Knowledge\Ams.Knowledge.Contracts\Ams.Knowledge.Contracts.csproj", "{757B231D-F572-484F-BDB3-E0EE5AE52C14}"
EndProject
Project("{FAE04EC0-301F-11D3-BF4B-00C04F79EFBC}") = "Ams.Knowledge.Domain", "src\Modules\Knowledge\Ams.Knowledge.Domain\Ams.Knowledge.Domain.csproj", "{9BCED6A7-F338-4E51-BBE3-A698E0624599}"
EndProject
Project("{FAE04EC0-301F-11D3-BF4B-00C04F79EFBC}") = "Ams.Knowledge.Application", "src\Modules\Knowledge\Ams.Knowledge.Application\Ams.Knowledge.Application.csproj", "{5E2D6F68-D00B-4991-A5FC-CDC5A89AC34F}"
EndProject
Project("{FAE04EC0-301F-11D3-BF4B-00C04F79EFBC}") = "Ams.Knowledge.Infrastructure", "src\Modules\Knowledge\Ams.Knowledge.Infrastructure\Ams.Knowledge.Infrastructure.csproj", "{486016FC-E130-47A4-A0AF-96F1AEFE1D9A}"
EndProject
Project("{FAE04EC0-301F-11D3-BF4B-00C04F79EFBC}") = "AgencyBinder.Website", "src\AgencyBinder.Website\AgencyBinder.Website.csproj", "{FAD17AF3-D741-485F-9CDA-6918F29F1BCC}"
EndProject
Global
	GlobalSection(SolutionConfigurationPlatforms) = preSolution
		Debug|Any CPU = Debug|Any CPU
		Debug|x64 = Debug|x64
		Debug|x86 = Debug|x86
		Release|Any CPU = Release|Any CPU
		Release|x64 = Release|x64
		Release|x86 = Release|x86
	EndGlobalSection
	GlobalSection(ProjectConfigurationPlatforms) = postSolution
		{11111111-1111-1111-1111-111111111111}.Debug|Any CPU.ActiveCfg = Debug|Any CPU
		{11111111-1111-1111-1111-111111111111}.Debug|Any CPU.Build.0 = Debug|Any CPU
		{11111111-1111-1111-1111-111111111111}.Debug|x64.ActiveCfg = Debug|Any CPU
		{11111111-1111-1111-1111-111111111111}.Debug|x64.Build.0 = Debug|Any CPU
		{11111111-1111-1111-1111-111111111111}.Debug|x86.ActiveCfg = Debug|Any CPU
		{11111111-1111-1111-1111-111111111111}.Debug|x86.Build.0 = Debug|Any CPU
		{11111111-1111-1111-1111-111111111111}.Release|Any CPU.ActiveCfg = Release|Any CPU
		{11111111-1111-1111-1111-111111111111}.Release|Any CPU.Build.0 = Release|Any CPU
		{11111111-1111-1111-1111-111111111111}.Release|x64.ActiveCfg = Release|Any CPU
		{11111111-1111-1111-1111-111111111111}.Release|x64.Build.0 = Release|Any CPU
		{11111111-1111-1111-1111-111111111111}.Release|x86.ActiveCfg = Release|Any CPU
		{11111111-1111-1111-1111-111111111111}.Release|x86.Build.0 = Release|Any CPU
		{22222222-2222-2222-2222-222222222222}.Debug|Any CPU.ActiveCfg = Debug|Any CPU
		{22222222-2222-2222-2222-222222222222}.Debug|Any CPU.Build.0 = Debug|Any CPU
		{22222222-2222-2222-2222-222222222222}.Debug|x64.ActiveCfg = Debug|Any CPU
		{22222222-2222-2222-2222-222222222222}.Debug|x64.Build.0 = Debug|Any CPU
		{22222222-2222-2222-2222-222222222222}.Debug|x86.ActiveCfg = Debug|Any CPU
		{22222222-2222-2222-2222-222222222222}.Debug|x86.Build.0 = Debug|Any CPU
		{22222222-2222-2222-2222-222222222222}.Release|Any CPU.ActiveCfg = Release|Any CPU
		{22222222-2222-2222-2222-222222222222}.Release|Any CPU.Build.0 = Release|Any CPU
		{22222222-2222-2222-2222-222222222222}.Release|x64.ActiveCfg = Release|Any CPU
		{22222222-2222-2222-2222-222222222222}.Release|x64.Build.0 = Release|Any CPU
		{22222222-2222-2222-2222-222222222222}.Release|x86.ActiveCfg = Release|Any CPU
		{22222222-2222-2222-2222-222222222222}.Release|x86.Build.0 = Release|Any CPU
		{33333333-3333-3333-3333-333333333333}.Debug|Any CPU.ActiveCfg = Debug|Any CPU
		{33333333-3333-3333-3333-333333333333}.Debug|Any CPU.Build.0 = Debug|Any CPU
		{33333333-3333-3333-3333-333333333333}.Debug|x64.ActiveCfg = Debug|Any CPU
		{33333333-3333-3333-3333-333333333333}.Debug|x64.Build.0 = Debug|Any CPU
		{33333333-3333-3333-3333-333333333333}.Debug|x86.ActiveCfg = Debug|Any CPU
		{33333333-3333-3333-3333-333333333333}.Debug|x86.Build.0 = Debug|Any CPU
		{33333333-3333-3333-3333-333333333333}.Release|Any CPU.ActiveCfg = Release|Any CPU
		{33333333-3333-3333-3333-333333333333}.Release|Any CPU.Build.0 = Release|Any CPU
		{33333333-3333-3333-3333-333333333333}.Release|x64.ActiveCfg = Release|Any CPU
		{33333333-3333-3333-3333-333333333333}.Release|x64.Build.0 = Release|Any CPU
		{33333333-3333-3333-3333-333333333333}.Release|x86.ActiveCfg = Release|Any CPU
		{33333333-3333-3333-3333-333333333333}.Release|x86.Build.0 = Release|Any CPU
		{44444444-4444-4444-4444-444444444444}.Debug|Any CPU.ActiveCfg = Debug|Any CPU
		{44444444-4444-4444-4444-444444444444}.Debug|Any CPU.Build.0 = Debug|Any CPU
		{44444444-4444-4444-4444-444444444444}.Debug|x64.ActiveCfg = Debug|Any CPU
		{44444444-4444-4444-4444-444444444444}.Debug|x64.Build.0 = Debug|Any CPU
		{44444444-4444-4444-4444-444444444444}.Debug|x86.ActiveCfg = Debug|Any CPU
		{44444444-4444-4444-4444-444444444444}.Debug|x86.Build.0 = Debug|Any CPU
		{44444444-4444-4444-4444-444444444444}.Release|Any CPU.ActiveCfg = Release|Any CPU
		{44444444-4444-4444-4444-444444444444}.Release|Any CPU.Build.0 = Release|Any CPU
		{44444444-4444-4444-4444-444444444444}.Release|x64.ActiveCfg = Release|Any CPU
		{44444444-4444-4444-4444-444444444444}.Release|x64.Build.0 = Release|Any CPU
		{44444444-4444-4444-4444-444444444444}.Release|x86.ActiveCfg = Release|Any CPU
		{44444444-4444-4444-4444-444444444444}.Release|x86.Build.0 = Release|Any CPU
		{55555555-5555-5555-5555-555555555555}.Debug|Any CPU.ActiveCfg = Debug|Any CPU
		{55555555-5555-5555-5555-555555555555}.Debug|Any CPU.Build.0 = Debug|Any CPU
		{55555555-5555-5555-5555-555555555555}.Debug|x64.ActiveCfg = Debug|Any CPU
		{55555555-5555-5555-5555-555555555555}.Debug|x64.Build.0 = Debug|Any CPU
		{55555555-5555-5555-5555-555555555555}.Debug|x86.ActiveCfg = Debug|Any CPU
		{55555555-5555-5555-5555-555555555555}.Debug|x86.Build.0 = Debug|Any CPU
		{55555555-5555-5555-5555-555555555555}.Release|Any CPU.ActiveCfg = Release|Any CPU
		{55555555-5555-5555-5555-555555555555}.Release|Any CPU.Build.0 = Release|Any CPU
		{55555555-5555-5555-5555-555555555555}.Release|x64.ActiveCfg = Release|Any CPU
		{55555555-5555-5555-5555-555555555555}.Release|x64.Build.0 = Release|Any CPU
		{55555555-5555-5555-5555-555555555555}.Release|x86.ActiveCfg = Release|Any CPU
		{55555555-5555-5555-5555-555555555555}.Release|x86.Build.0 = Release|Any CPU
		{5741802E-C055-413F-A200-8A3F399C7464}.Debug|Any CPU.ActiveCfg = Debug|Any CPU
		{5741802E-C055-413F-A200-8A3F399C7464}.Debug|Any CPU.Build.0 = Debug|Any CPU
		{5741802E-C055-413F-A200-8A3F399C7464}.Debug|x64.ActiveCfg = Debug|Any CPU
		{5741802E-C055-413F-A200-8A3F399C7464}.Debug|x64.Build.0 = Debug|Any CPU
		{5741802E-C055-413F-A200-8A3F399C7464}.Debug|x86.ActiveCfg = Debug|Any CPU
		{5741802E-C055-413F-A200-8A3F399C7464}.Debug|x86.Build.0 = Debug|Any CPU
		{5741802E-C055-413F-A200-8A3F399C7464}.Release|Any CPU.ActiveCfg = Release|Any CPU
		{5741802E-C055-413F-A200-8A3F399C7464}.Release|Any CPU.Build.0 = Release|Any CPU
		{5741802E-C055-413F-A200-8A3F399C7464}.Release|x64.ActiveCfg = Release|Any CPU
		{5741802E-C055-413F-A200-8A3F399C7464}.Release|x64.Build.0 = Release|Any CPU
		{5741802E-C055-413F-A200-8A3F399C7464}.Release|x86.ActiveCfg = Release|Any CPU
		{5741802E-C055-413F-A200-8A3F399C7464}.Release|x86.Build.0 = Release|Any CPU
		{C0A1FE2A-BD04-4C4B-9E0F-CEF32FE1A972}.Debug|Any CPU.ActiveCfg = Debug|Any CPU
		{C0A1FE2A-BD04-4C4B-9E0F-CEF32FE1A972}.Debug|Any CPU.Build.0 = Debug|Any CPU
		{C0A1FE2A-BD04-4C4B-9E0F-CEF32FE1A972}.Debug|x64.ActiveCfg = Debug|Any CPU
		{C0A1FE2A-BD04-4C4B-9E0F-CEF32FE1A972}.Debug|x64.Build.0 = Debug|Any CPU
		{C0A1FE2A-BD04-4C4B-9E0F-CEF32FE1A972}.Debug|x86.ActiveCfg = Debug|Any CPU
		{C0A1FE2A-BD04-4C4B-9E0F-CEF32FE1A972}.Debug|x86.Build.0 = Debug|Any CPU
		{C0A1FE2A-BD04-4C4B-9E0F-CEF32FE1A972}.Release|Any CPU.ActiveCfg = Release|Any CPU
		{C0A1FE2A-BD04-4C4B-9E0F-CEF32FE1A972}.Release|Any CPU.Build.0 = Release|Any CPU
		{C0A1FE2A-BD04-4C4B-9E0F-CEF32FE1A972}.Release|x64.ActiveCfg = Release|Any CPU
		{C0A1FE2A-BD04-4C4B-9E0F-CEF32FE1A972}.Release|x64.Build.0 = Release|Any CPU
		{C0A1FE2A-BD04-4C4B-9E0F-CEF32FE1A972}.Release|x86.ActiveCfg = Release|Any CPU
		{C0A1FE2A-BD04-4C4B-9E0F-CEF32FE1A972}.Release|x86.Build.0 = Release|Any CPU
		{E64577C0-3D7C-4848-8978-3B86A980EA1A}.Debug|Any CPU.ActiveCfg = Debug|Any CPU
		{E64577C0-3D7C-4848-8978-3B86A980EA1A}.Debug|Any CPU.Build.0 = Debug|Any CPU
		{E64577C0-3D7C-4848-8978-3B86A980EA1A}.Debug|x64.ActiveCfg = Debug|Any CPU
		{E64577C0-3D7C-4848-8978-3B86A980EA1A}.Debug|x64.Build.0 = Debug|Any CPU
		{E64577C0-3D7C-4848-8978-3B86A980EA1A}.Debug|x86.ActiveCfg = Debug|Any CPU
		{E64577C0-3D7C-4848-8978-3B86A980EA1A}.Debug|x86.Build.0 = Debug|Any CPU
		{E64577C0-3D7C-4848-8978-3B86A980EA1A}.Release|Any CPU.ActiveCfg = Release|Any CPU
		{E64577C0-3D7C-4848-8978-3B86A980EA1A}.Release|Any CPU.Build.0 = Release|Any CPU
		{E64577C0-3D7C-4848-8978-3B86A980EA1A}.Release|x64.ActiveCfg = Release|Any CPU
		{E64577C0-3D7C-4848-8978-3B86A980EA1A}.Release|x64.Build.0 = Release|Any CPU
		{E64577C0-3D7C-4848-8978-3B86A980EA1A}.Release|x86.ActiveCfg = Release|Any CPU
		{E64577C0-3D7C-4848-8978-3B86A980EA1A}.Release|x86.Build.0 = Release|Any CPU
		{757B231D-F572-484F-BDB3-E0EE5AE52C14}.Debug|Any CPU.ActiveCfg = Debug|Any CPU
		{757B231D-F572-484F-BDB3-E0EE5AE52C14}.Debug|Any CPU.Build.0 = Debug|Any CPU
		{757B231D-F572-484F-BDB3-E0EE5AE52C14}.Debug|x64.ActiveCfg = Debug|Any CPU
		{757B231D-F572-484F-BDB3-E0EE5AE52C14}.Debug|x64.Build.0 = Debug|Any CPU
		{757B231D-F572-484F-BDB3-E0EE5AE52C14}.Debug|x86.ActiveCfg = Debug|Any CPU
		{757B231D-F572-484F-BDB3-E0EE5AE52C14}.Debug|x86.Build.0 = Debug|Any CPU
		{757B231D-F572-484F-BDB3-E0EE5AE52C14}.Release|Any CPU.ActiveCfg = Release|Any CPU
		{757B231D-F572-484F-BDB3-E0EE5AE52C14}.Release|Any CPU.Build.0 = Release|Any CPU
		{757B231D-F572-484F-BDB3-E0EE5AE52C14}.Release|x64.ActiveCfg = Release|Any CPU
		{757B231D-F572-484F-BDB3-E0EE5AE52C14}.Release|x64.Build.0 = Release|Any CPU
		{757B231D-F572-484F-BDB3-E0EE5AE52C14}.Release|x86.ActiveCfg = Release|Any CPU
		{757B231D-F572-484F-BDB3-E0EE5AE52C14}.Release|x86.Build.0 = Release|Any CPU
		{9BCED6A7-F338-4E51-BBE3-A698E0624599}.Debug|Any CPU.ActiveCfg = Debug|Any CPU
		{9BCED6A7-F338-4E51-BBE3-A698E0624599}.Debug|Any CPU.Build.0 = Debug|Any CPU
		{9BCED6A7-F338-4E51-BBE3-A698E0624599}.Debug|x64.ActiveCfg = Debug|Any CPU
		{9BCED6A7-F338-4E51-BBE3-A698E0624599}.Debug|x64.Build.0 = Debug|Any CPU
		{9BCED6A7-F338-4E51-BBE3-A698E0624599}.Debug|x86.ActiveCfg = Debug|Any CPU
		{9BCED6A7-F338-4E51-BBE3-A698E0624599}.Debug|x86.Build.0 = Debug|Any CPU
		{9BCED6A7-F338-4E51-BBE3-A698E0624599}.Release|Any CPU.ActiveCfg = Release|Any CPU
		{9BCED6A7-F338-4E51-BBE3-A698E0624599}.Release|Any CPU.Build.0 = Release|Any CPU
		{9BCED6A7-F338-4E51-BBE3-A698E0624599}.Release|x64.ActiveCfg = Release|Any CPU
		{9BCED6A7-F338-4E51-BBE3-A698E0624599}.Release|x64.Build.0 = Release|Any CPU
		{9BCED6A7-F338-4E51-BBE3-A698E0624599}.Release|x86.ActiveCfg = Release|Any CPU
		{9BCED6A7-F338-4E51-BBE3-A698E0624599}.Release|x86.Build.0 = Release|Any CPU
		{5E2D6F68-D00B-4991-A5FC-CDC5A89AC34F}.Debug|Any CPU.ActiveCfg = Debug|Any CPU
		{5E2D6F68-D00B-4991-A5FC-CDC5A89AC34F}.Debug|Any CPU.Build.0 = Debug|Any CPU
		{5E2D6F68-D00B-4991-A5FC-CDC5A89AC34F}.Debug|x64.ActiveCfg = Debug|Any CPU
		{5E2D6F68-D00B-4991-A5FC-CDC5A89AC34F}.Debug|x64.Build.0 = Debug|Any CPU
		{5E2D6F68-D00B-4991-A5FC-CDC5A89AC34F}.Debug|x86.ActiveCfg = Debug|Any CPU
		{5E2D6F68-D00B-4991-A5FC-CDC5A89AC34F}.Debug|x86.Build.0 = Debug|Any CPU
		{5E2D6F68-D00B-4991-A5FC-CDC5A89AC34F}.Release|Any CPU.ActiveCfg = Release|Any CPU
		{5E2D6F68-D00B-4991-A5FC-CDC5A89AC34F}.Release|Any CPU.Build.0 = Release|Any CPU
		{5E2D6F68-D00B-4991-A5FC-CDC5A89AC34F}.Release|x64.ActiveCfg = Release|Any CPU
		{5E2D6F68-D00B-4991-A5FC-CDC5A89AC34F}.Release|x64.Build.0 = Release|Any CPU
		{5E2D6F68-D00B-4991-A5FC-CDC5A89AC34F}.Release|x86.ActiveCfg = Release|Any CPU
		{5E2D6F68-D00B-4991-A5FC-CDC5A89AC34F}.Release|x86.Build.0 = Release|Any CPU
		{486016FC-E130-47A4-A0AF-96F1AEFE1D9A}.Debug|Any CPU.ActiveCfg = Debug|Any CPU
		{486016FC-E130-47A4-A0AF-96F1AEFE1D9A}.Debug|Any CPU.Build.0 = Debug|Any CPU
		{486016FC-E130-47A4-A0AF-96F1AEFE1D9A}.Debug|x64.ActiveCfg = Debug|Any CPU
		{486016FC-E130-47A4-A0AF-96F1AEFE1D9A}.Debug|x64.Build.0 = Debug|Any CPU
		{486016FC-E130-47A4-A0AF-96F1AEFE1D9A}.Debug|x86.ActiveCfg = Debug|Any CPU
		{486016FC-E130-47A4-A0AF-96F1AEFE1D9A}.Debug|x86.Build.0 = Debug|Any CPU
		{486016FC-E130-47A4-A0AF-96F1AEFE1D9A}.Release|Any CPU.ActiveCfg = Release|Any CPU
		{486016FC-E130-47A4-A0AF-96F1AEFE1D9A}.Release|Any CPU.Build.0 = Release|Any CPU
		{486016FC-E130-47A4-A0AF-96F1AEFE1D9A}.Release|x64.ActiveCfg = Release|Any CPU
		{486016FC-E130-47A4-A0AF-96F1AEFE1D9A}.Release|x64.Build.0 = Release|Any CPU
		{486016FC-E130-47A4-A0AF-96F1AEFE1D9A}.Release|x86.ActiveCfg = Release|Any CPU
		{486016FC-E130-47A4-A0AF-96F1AEFE1D9A}.Release|x86.Build.0 = Release|Any CPU
		{FAD17AF3-D741-485F-9CDA-6918F29F1BCC}.Debug|Any CPU.ActiveCfg = Debug|Any CPU
		{FAD17AF3-D741-485F-9CDA-6918F29F1BCC}.Debug|Any CPU.Build.0 = Debug|Any CPU
		{FAD17AF3-D741-485F-9CDA-6918F29F1BCC}.Debug|x64.ActiveCfg = Debug|Any CPU
		{FAD17AF3-D741-485F-9CDA-6918F29F1BCC}.Debug|x64.Build.0 = Debug|Any CPU
		{FAD17AF3-D741-485F-9CDA-6918F29F1BCC}.Debug|x86.ActiveCfg = Debug|Any CPU
		{FAD17AF3-D741-485F-9CDA-6918F29F1BCC}.Debug|x86.Build.0 = Debug|Any CPU
		{FAD17AF3-D741-485F-9CDA-6918F29F1BCC}.Release|Any CPU.ActiveCfg = Release|Any CPU
		{FAD17AF3-D741-485F-9CDA-6918F29F1BCC}.Release|Any CPU.Build.0 = Release|Any CPU
		{FAD17AF3-D741-485F-9CDA-6918F29F1BCC}.Release|x64.ActiveCfg = Release|Any CPU
		{FAD17AF3-D741-485F-9CDA-6918F29F1BCC}.Release|x64.Build.0 = Release|Any CPU
		{FAD17AF3-D741-485F-9CDA-6918F29F1BCC}.Release|x86.ActiveCfg = Release|Any CPU
		{FAD17AF3-D741-485F-9CDA-6918F29F1BCC}.Release|x86.Build.0 = Release|Any CPU
	EndGlobalSection
	GlobalSection(SolutionProperties) = preSolution
		HideSolutionNode = FALSE
	EndGlobalSection
	GlobalSection(NestedProjects) = preSolution
		{5741802E-C055-413F-A200-8A3F399C7464} = {0AB3BF05-4346-4AA6-1389-037BE0695223}
		{E64577C0-3D7C-4848-8978-3B86A980EA1A} = {0AB3BF05-4346-4AA6-1389-037BE0695223}
		{EC447DCF-ABFA-6E24-52A5-D7FD48A5C558} = {827E0CD3-B72D-47B6-A68D-7590B98EB39B}
		{6D397FDE-A48A-1422-DC4D-618348DCDC20} = {EC447DCF-ABFA-6E24-52A5-D7FD48A5C558}
		{757B231D-F572-484F-BDB3-E0EE5AE52C14} = {6D397FDE-A48A-1422-DC4D-618348DCDC20}
		{9BCED6A7-F338-4E51-BBE3-A698E0624599} = {6D397FDE-A48A-1422-DC4D-618348DCDC20}
		{5E2D6F68-D00B-4991-A5FC-CDC5A89AC34F} = {6D397FDE-A48A-1422-DC4D-618348DCDC20}
		{486016FC-E130-47A4-A0AF-96F1AEFE1D9A} = {6D397FDE-A48A-1422-DC4D-618348DCDC20}
		{FAD17AF3-D741-485F-9CDA-6918F29F1BCC} = {827E0CD3-B72D-47B6-A68D-7590B98EB39B}
	EndGlobalSection
	GlobalSection(ExtensibilityGlobals) = postSolution
		SolutionGuid = {1C5D5A13-6527-4B6A-9EC3-FF5618674A73}
	EndGlobalSection
EndGlobal
